// !$*UTF8*$!
{
	archiveVersion = 1;
	classes = {
	};
	objectVersion = 56;
	objects = {

/* Begin PBXBuildFile section */
		B59FF5162AD67FFE00CF2745 /* FuzzyKeyboardCleanToolApp.swift in Sources */ = {isa = PBXBuildFile; fileRef = B59FF5152AD67FFE00CF2745 /* FuzzyKeyboardCleanToolApp.swift */; };
		B59FF5182AD67FFE00CF2745 /* ContentView.swift in Sources */ = {isa = PBXBuildFile; fileRef = B59FF5172AD67FFE00CF2745 /* ContentView.swift */; };
		B59FF51A2AD67FFF00CF2745 /* Assets.xcassets in Resources */ = {isa = PBXBuildFile; fileRef = B59FF5192AD67FFF00CF2745 /* Assets.xcassets */; };
		B59FF51D2AD67FFF00CF2745 /* Preview Assets.xcassets in Resources */ = {isa = PBXBuildFile; fileRef = B59FF51C2AD67FFF00CF2745 /* Preview Assets.xcassets */; };
		B59FF5282AD67FFF00CF2745 /* FuzzyKeyboardCleanToolTests.swift in Sources */ = {isa = PBXBuildFile; fileRef = B59FF5272AD67FFF00CF2745 /* FuzzyKeyboardCleanToolTests.swift */; };
		B59FF5322AD67FFF00CF2745 /* FuzzyKeyboardCleanToolUITests.swift in Sources */ = {isa = PBXBuildFile; fileRef = B59FF5312AD67FFF00CF2745 /* FuzzyKeyboardCleanToolUITests.swift */; };
		B59FF5342AD67FFF00CF2745 /* FuzzyKeyboardCleanToolUITestsLaunchTests.swift in Sources */ = {isa = PBXBuildFile; fileRef = B59FF5332AD67FFF00CF2745 /* FuzzyKeyboardCleanToolUITestsLaunchTests.swift */; };
		B59FF5412AD6805600CF2745 /* KeyboardLock.swift in Sources */ = {isa = PBXBuildFile; fileRef = B59FF5402AD6805600CF2745 /* KeyboardLock.swift */; };
/* End PBXBuildFile section */

/* Begin PBXContainerItemProxy section */
		B59FF5242AD67FFF00CF2745 /* PBXContainerItemProxy */ = {
			isa = PBXContainerItemProxy;
			containerPortal = B59FF50A2AD67FFE00CF2745 /* Project object */;
			proxyType = 1;
			remoteGlobalIDString = B59FF5112AD67FFE00CF2745;
			remoteInfo = FuzzyKeyboardCleanTool;
		};
		B59FF52E2AD67FFF00CF2745 /* PBXContainerItemProxy */ = {
			isa = PBXContainerItemProxy;
			containerPortal = B59FF50A2AD67FFE00CF2745 /* Project object */;
			proxyType = 1;
			remoteGlobalIDString = B59FF5112AD67FFE00CF2745;
			remoteInfo = FuzzyKeyboardCleanTool;
		};
/* End PBXContainerItemProxy section */

/* Begin PBXFileReference section */
		B59FF5122AD67FFE00CF2745 /* FuzzyKeyboardCleanTool.app */ = {isa = PBXFileReference; explicitFileType = wrapper.application; includeInIndex = 0; path = FuzzyKeyboardCleanTool.app; sourceTree = BUILT_PRODUCTS_DIR; };
		B59FF5152AD67FFE00CF2745 /* FuzzyKeyboardCleanToolApp.swift */ = {isa = PBXFileReference; lastKnownFileType = sourcecode.swift; path = FuzzyKeyboardCleanToolApp.swift; sourceTree = "<group>"; };
		B59FF5172AD67FFE00CF2745 /* ContentView.swift */ = {isa = PBXFileReference; lastKnownFileType = sourcecode.swift; path = ContentView.swift; sourceTree = "<group>"; };
		B59FF5192AD67FFF00CF2745 /* Assets.xcassets */ = {isa = PBXFileReference; lastKnownFileType = folder.assetcatalog; path = Assets.xcassets; sourceTree = "<group>"; };
		B59FF51C2AD67FFF00CF2745 /* Preview Assets.xcassets */ = {isa = PBXFileReference; lastKnownFileType = folder.assetcatalog; path = "Preview Assets.xcassets"; sourceTree = "<group>"; };
		B59FF51E2AD67FFF00CF2745 /* FuzzyKeyboardCleanTool.entitlements */ = {isa = PBXFileReference; lastKnownFileType = text.plist.entitlements; path = FuzzyKeyboardCleanTool.entitlements; sourceTree = "<group>"; };
		B59FF5232AD67FFF00CF2745 /* FuzzyKeyboardCleanToolTests.xctest */ = {isa = PBXFileReference; explicitFileType = wrapper.cfbundle; includeInIndex = 0; path = FuzzyKeyboardCleanToolTests.xctest; sourceTree = BUILT_PRODUCTS_DIR; };
		B59FF5272AD67FFF00CF2745 /* FuzzyKeyboardCleanToolTests.swift */ = {isa = PBXFileReference; lastKnownFileType = sourcecode.swift; path = FuzzyKeyboardCleanToolTests.swift; sourceTree = "<group>"; };
		B59FF52D2AD67FFF00CF2745 /* FuzzyKeyboardCleanToolUITests.xctest */ = {isa = PBXFileReference; explicitFileType = wrapper.cfbundle; includeInIndex = 0; path = FuzzyKeyboardCleanToolUITests.xctest; sourceTree = BUILT_PRODUCTS_DIR; };
		B59FF5312AD67FFF00CF2745 /* FuzzyKeyboardCleanToolUITests.swift */ = {isa = PBXFileReference; lastKnownFileType = sourcecode.swift; path = FuzzyKeyboardCleanToolUITests.swift; sourceTree = "<group>"; };
		B59FF5332AD67FFF00CF2745 /* FuzzyKeyboardCleanToolUITestsLaunchTests.swift */ = {isa = PBXFileReference; lastKnownFileType = sourcecode.swift; path = FuzzyKeyboardCleanToolUITestsLaunchTests.swift; sourceTree = "<group>"; };
		B59FF5402AD6805600CF2745 /* KeyboardLock.swift */ = {isa = PBXFileReference; lastKnownFileType = sourcecode.swift; path = KeyboardLock.swift; sourceTree = "<group>"; };
/* End PBXFileReference section */

/* Begin PBXFrameworksBuildPhase section */
		B59FF50F2AD67FFE00CF2745 /* Frameworks */ = {
			isa = PBXFrameworksBuildPhase;
			buildActionMask = 2147483647;
			files = (
			);
			runOnlyForDeploymentPostprocessing = 0;
		};
		B59FF5202AD67FFF00CF2745 /* Frameworks */ = {
			isa = PBXFrameworksBuildPhase;
			buildActionMask = 2147483647;
			files = (
			);
			runOnlyForDeploymentPostprocessing = 0;
		};
		B59FF52A2AD67FFF00CF2745 /* Frameworks */ = {
			isa = PBXFrameworksBuildPhase;
			buildActionMask = 2147483647;
			files = (
			);
			runOnlyForDeploymentPostprocessing = 0;
		};
/* End PBXFrameworksBuildPhase section */

/* Begin PBXGroup section */
		B59FF5092AD67FFE00CF2745 = {
			isa = PBXGroup;
			children = (
				B59FF5142AD67FFE00CF2745 /* FuzzyKeyboardCleanTool */,
				B59FF5262AD67FFF00CF2745 /* FuzzyKeyboardCleanToolTests */,
				B59FF5302AD67FFF00CF2745 /* FuzzyKeyboardCleanToolUITests */,
				B59FF5132AD67FFE00CF2745 /* Products */,
			);
			sourceTree = "<group>";
		};
		B59FF5132AD67FFE00CF2745 /* Products */ = {
			isa = PBXGroup;
			children = (
				B59FF5122AD67FFE00CF2745 /* FuzzyKeyboardCleanTool.app */,
				B59FF5232AD67FFF00CF2745 /* FuzzyKeyboardCleanToolTests.xctest */,
				B59FF52D2AD67FFF00CF2745 /* FuzzyKeyboardCleanToolUITests.xctest */,
			);
			name = Products;
			sourceTree = "<group>";
		};
		B59FF5142AD67FFE00CF2745 /* FuzzyKeyboardCleanTool */ = {
			isa = PBXGroup;
			children = (
				B59FF5152AD67FFE00CF2745 /* FuzzyKeyboardCleanToolApp.swift */,
				B59FF5172AD67FFE00CF2745 /* ContentView.swift */,
				B59FF5402AD6805600CF2745 /* KeyboardLock.swift */,
				B59FF5192AD67FFF00CF2745 /* Assets.xcassets */,
				B59FF51E2AD67FFF00CF2745 /* FuzzyKeyboardCleanTool.entitlements */,
				B59FF51B2AD67FFF00CF2745 /* Preview Content */,
			);
			path = FuzzyKeyboardCleanTool;
			sourceTree = "<group>";
		};
		B59FF51B2AD67FFF00CF2745 /* Preview Content */ = {
			isa = PBXGroup;
			children = (
				B59FF51C2AD67FFF00CF2745 /* Preview Assets.xcassets */,
			);
			path = "Preview Content";
			sourceTree = "<group>";
		};
		B59FF5262AD67FFF00CF2745 /* FuzzyKeyboardCleanToolTests */ = {
			isa = PBXGroup;
			children = (
				B59FF5272AD67FFF00CF2745 /* FuzzyKeyboardCleanToolTests.swift */,
			);
			path = FuzzyKeyboardCleanToolTests;
			sourceTree = "<group>";
		};
		B59FF5302AD67FFF00CF2745 /* FuzzyKeyboardCleanToolUITests */ = {
			isa = PBXGroup;
			children = (
				B59FF5312AD67FFF00CF2745 /* FuzzyKeyboardCleanToolUITests.swift */,
				B59FF5332AD67FFF00CF2745 /* FuzzyKeyboardCleanToolUITestsLaunchTests.swift */,
			);
			path = FuzzyKeyboardCleanToolUITests;
			sourceTree = "<group>";
		};
/* End PBXGroup section */

/* Begin PBXNativeTarget section */
		B59FF5112AD67FFE00CF2745 /* FuzzyKeyboardCleanTool */ = {
			isa = PBXNativeTarget;
			buildConfigurationList = B59FF5372AD67FFF00CF2745 /* Build configuration list for PBXNativeTarget "FuzzyKeyboardCleanTool" */;
			buildPhases = (
				B59FF50E2AD67FFE00CF2745 /* Sources */,
				B59FF50F2AD67FFE00CF2745 /* Frameworks */,
				B59FF5102AD67FFE00CF2745 /* Resources */,
			);
			buildRules = (
			);
			dependencies = (
			);
			name = FuzzyKeyboardCleanTool;
			productName = FuzzyKeyboardCleanTool;
			productReference = B59FF5122AD67FFE00CF2745 /* FuzzyKeyboardCleanTool.app */;
			productType = "com.apple.product-type.application";
		};
		B59FF5222AD67FFF00CF2745 /* FuzzyKeyboardCleanToolTests */ = {
			isa = PBXNativeTarget;
			buildConfigurationList = B59FF53A2AD67FFF00CF2745 /* Build configuration list for PBXNativeTarget "FuzzyKeyboardCleanToolTests" */;
			buildPhases = (
				B59FF51F2AD67FFF00CF2745 /* Sources */,
				B59FF5202AD67FFF00CF2745 /* Frameworks */,
				B59FF5212AD67FFF00CF2745 /* Resources */,
			);
			buildRules = (
			);
			dependencies = (
				B59FF5252AD67FFF00CF2745 /* PBXTargetDependency */,
			);
			name = FuzzyKeyboardCleanToolTests;
			productName = FuzzyKeyboardCleanToolTests;
			productReference = B59FF5232AD67FFF00CF2745 /* FuzzyKeyboardCleanToolTests.xctest */;
			productType = "com.apple.product-type.bundle.unit-test";
		};
		B59FF52C2AD67FFF00CF2745 /* FuzzyKeyboardCleanToolUITests */ = {
			isa = PBXNativeTarget;
			buildConfigurationList = B59FF53D2AD67FFF00CF2745 /* Build configuration list for PBXNativeTarget "FuzzyKeyboardCleanToolUITests" */;
			buildPhases = (
				B59FF5292AD67FFF00CF2745 /* Sources */,
				B59FF52A2AD67FFF00CF2745 /* Frameworks */,
				B59FF52B2AD67FFF00CF2745 /* Resources */,
			);
			buildRules = (
			);
			dependencies = (
				B59FF52F2AD67FFF00CF2745 /* PBXTargetDependency */,
			);
			name = FuzzyKeyboardCleanToolUITests;
			productName = FuzzyKeyboardCleanToolUITests;
			productReference = B59FF52D2AD67FFF00CF2745 /* FuzzyKeyboardCleanToolUITests.xctest */;
			productType = "com.apple.product-type.bundle.ui-testing";
		};
/* End PBXNativeTarget section */

/* Begin PBXProject section */
		B59FF50A2AD67FFE00CF2745 /* Project object */ = {
			isa = PBXProject;
			attributes = {
				BuildIndependentTargetsInParallel = 1;
				LastSwiftUpdateCheck = 1500;
				LastUpgradeCheck = 1500;
				TargetAttributes = {
					B59FF5112AD67FFE00CF2745 = {
						CreatedOnToolsVersion = 15.0;
					};
					B59FF5222AD67FFF00CF2745 = {
						CreatedOnToolsVersion = 15.0;
						TestTargetID = B59FF5112AD67FFE00CF2745;
					};
					B59FF52C2AD67FFF00CF2745 = {
						CreatedOnToolsVersion = 15.0;
						TestTargetID = B59FF5112AD67FFE00CF2745;
					};
				};
			};
			buildConfigurationList = B59FF50D2AD67FFE00CF2745 /* Build configuration list for PBXProject "FuzzyKeyboardCleanTool" */;
			compatibilityVersion = "Xcode 14.0";
			developmentRegion = en;
			hasScannedForEncodings = 0;
			knownRegions = (
				en,
				Base,
			);
			mainGroup = B59FF5092AD67FFE00CF2745;
			productRefGroup = B59FF5132AD67FFE00CF2745 /* Products */;
			projectDirPath = "";
			projectRoot = "";
			targets = (
				B59FF5112AD67FFE00CF2745 /* FuzzyKeyboardCleanTool */,
				B59FF5222AD67FFF00CF2745 /* FuzzyKeyboardCleanToolTests */,
				B59FF52C2AD67FFF00CF2745 /* FuzzyKeyboardCleanToolUITests */,
			);
		};
/* End PBXProject section */

/* Begin PBXResourcesBuildPhase section */
		B59FF5102AD67FFE00CF2745 /* Resources */ = {
			isa = PBXResourcesBuildPhase;
			buildActionMask = 2147483647;
			files = (
				B59FF51D2AD67FFF00CF2745 /* Preview Assets.xcassets in Resources */,
				B59FF51A2AD67FFF00CF2745 /* Assets.xcassets in Resources */,
			);
			runOnlyForDeploymentPostprocessing = 0;
		};
		B59FF5212AD67FFF00CF2745 /* Resources */ = {
			isa = PBXResourcesBuildPhase;
			buildActionMask = 2147483647;
			files = (
			);
			runOnlyForDeploymentPostprocessing = 0;
		};
		B59FF52B2AD67FFF00CF2745 /* Resources */ = {
			isa = PBXResourcesBuildPhase;
			buildActionMask = 2147483647;
			files = (
			);
			runOnlyForDeploymentPostprocessing = 0;
		};
/* End PBXResourcesBuildPhase section */

/* Begin PBXSourcesBuildPhase section */
		B59FF50E2AD67FFE00CF2745 /* Sources */ = {
			isa = PBXSourcesBuildPhase;
			buildActionMask = 2147483647;
			files = (
				B59FF5412AD6805600CF2745 /* KeyboardLock.swift in Sources */,
				B59FF5182AD67FFE00CF2745 /* ContentView.swift in Sources */,
				B59FF5162AD67FFE00CF2745 /* FuzzyKeyboardCleanToolApp.swift in Sources */,
			);
			runOnlyForDeploymentPostprocessing = 0;
		};
		B59FF51F2AD67FFF00CF2745 /* Sources */ = {
			isa = PBXSourcesBuildPhase;
			buildActionMask = 2147483647;
			files = (
				B59FF5282AD67FFF00CF2745 /* FuzzyKeyboardCleanToolTests.swift in Sources */,
			);
			runOnlyForDeploymentPostprocessing = 0;
		};
		B59FF5292AD67FFF00CF2745 /* Sources */ = {
			isa = PBXSourcesBuildPhase;
			buildActionMask = 2147483647;
			files = (
				B59FF5342AD67FFF00CF2745 /* FuzzyKeyboardCleanToolUITestsLaunchTests.swift in Sources */,
				B59FF5322AD67FFF00CF2745 /* FuzzyKeyboardCleanToolUITests.swift in Sources */,
			);
			runOnlyForDeploymentPostprocessing = 0;
		};
/* End PBXSourcesBuildPhase section */

/* Begin PBXTargetDependency section */
		B59FF5252AD67FFF00CF2745 /* PBXTargetDependency */ = {
			isa = PBXTargetDependency;
			target = B59FF5112AD67FFE00CF2745 /* FuzzyKeyboardCleanTool */;
			targetProxy = B59FF5242AD67FFF00CF2745 /* PBXContainerItemProxy */;
		};
		B59FF52F2AD67FFF00CF2745 /* PBXTargetDependency */ = {
			isa = PBXTargetDependency;
			target = B59FF5112AD67FFE00CF2745 /* FuzzyKeyboardCleanTool */;
			targetProxy = B59FF52E2AD67FFF00CF2745 /* PBXContainerItemProxy */;
		};
/* End PBXTargetDependency section */

/* Begin XCBuildConfiguration section */
		B59FF5352AD67FFF00CF2745 /* Debug */ = {
			isa = XCBuildConfiguration;
			buildSettings = {
				ALWAYS_SEARCH_USER_PATHS = NO;
				ASSETCATALOG_COMPILER_GENERATE_SWIFT_ASSET_SYMBOL_EXTENSIONS = YES;
				CLANG_ANALYZER_NONNULL = YES;
				CLANG_ANALYZER_NUMBER_OBJECT_CONVERSION = YES_AGGRESSIVE;
				CLANG_CXX_LANGUAGE_STANDARD = "gnu++20";
				CLANG_ENABLE_MODULES = YES;
				CLANG_ENABLE_OBJC_ARC = YES;
				CLANG_ENABLE_OBJC_WEAK = YES;
				CLANG_WARN_BLOCK_CAPTURE_AUTORELEASING = YES;
				CLANG_WARN_BOOL_CONVERSION = YES;
				CLANG_WARN_COMMA = YES;
				CLANG_WARN_CONSTANT_CONVERSION = YES;
				CLANG_WARN_DEPRECATED_OBJC_IMPLEMENTATIONS = YES;
				CLANG_WARN_DIRECT_OBJC_ISA_USAGE = YES_ERROR;
				CLANG_WARN_DOCUMENTATION_COMMENTS = YES;
				CLANG_WARN_EMPTY_BODY = YES;
				CLANG_WARN_ENUM_CONVERSION = YES;
				CLANG_WARN_INFINITE_RECURSION = YES;
				CLANG_WARN_INT_CONVERSION = YES;
				CLANG_WARN_NON_LITERAL_NULL_CONVERSION = YES;
				CLANG_WARN_OBJC_IMPLICIT_RETAIN_SELF = YES;
				CLANG_WARN_OBJC_LITERAL_CONVERSION = YES;
				CLANG_WARN_OBJC_ROOT_CLASS = YES_ERROR;
				CLANG_WARN_QUOTED_INCLUDE_IN_FRAMEWORK_HEADER = YES;
				CLANG_WARN_RANGE_LOOP_ANALYSIS = YES;
				CLANG_WARN_STRICT_PROTOTYPES = YES;
				CLANG_WARN_SUSPICIOUS_MOVE = YES;
				CLANG_WARN_UNGUARDED_AVAILABILITY = YES_AGGRESSIVE;
				CLANG_WARN_UNREACHABLE_CODE = YES;
				CLANG_WARN__DUPLICATE_METHOD_MATCH = YES;
				COPY_PHASE_STRIP = NO;
				DEBUG_INFORMATION_FORMAT = dwarf;
				ENABLE_STRICT_OBJC_MSGSEND = YES;
				ENABLE_TESTABILITY = YES;
				ENABLE_USER_SCRIPT_SANDBOXING = YES;
				GCC_C_LANGUAGE_STANDARD = gnu17;
				GCC_DYNAMIC_NO_PIC = NO;
				GCC_NO_COMMON_BLOCKS = YES;
				GCC_OPTIMIZATION_LEVEL = 0;
				GCC_PREPROCESSOR_DEFINITIONS = (
					"DEBUG=1",
					"$(inherited)",
				);
				GCC_WARN_64_TO_32_BIT_CONVERSION = YES;
				GCC_WARN_ABOUT_RETURN_TYPE = YES_ERROR;
				GCC_WARN_UNDECLARED_SELECTOR = YES;
				GCC_WARN_UNINITIALIZED_AUTOS = YES_AGGRESSIVE;
				GCC_WARN_UNUSED_FUNCTION = YES;
				GCC_WARN_UNUSED_VARIABLE = YES;
				LOCALIZATION_PREFERS_STRING_CATALOGS = YES;
				MACOSX_DEPLOYMENT_TARGET = 14.0;
				MTL_ENABLE_DEBUG_INFO = INCLUDE_SOURCE;
				MTL_FAST_MATH = YES;
				ONLY_ACTIVE_ARCH = YES;
				SDKROOT = macosx;
				SWIFT_ACTIVE_COMPILATION_CONDITIONS = "DEBUG $(inherited)";
				SWIFT_OPTIMIZATION_LEVEL = "-Onone";
			};
			name = Debug;
		};
		B59FF5362AD67FFF00CF2745 /* Release */ = {
			isa = XCBuildConfiguration;
			buildSettings = {
				ALWAYS_SEARCH_USER_PATHS = NO;
				ASSETCATALOG_COMPILER_GENERATE_SWIFT_ASSET_SYMBOL_EXTENSIONS = YES;
				CLANG_ANALYZER_NONNULL = YES;
				CLANG_ANALYZER_NUMBER_OBJECT_CONVERSION = YES_AGGRESSIVE;
				CLANG_CXX_LANGUAGE_STANDARD = "gnu++20";
				CLANG_ENABLE_MODULES = YES;
				CLANG_ENABLE_OBJC_ARC = YES;
				CLANG_ENABLE_OBJC_WEAK = YES;
				CLANG_WARN_BLOCK_CAPTURE_AUTORELEASING = YES;
				CLANG_WARN_BOOL_CONVERSION = YES;
				CLANG_WARN_COMMA = YES;
				CLANG_WARN_CONSTANT_CONVERSION = YES;
				CLANG_WARN_DEPRECATED_OBJC_IMPLEMENTATIONS = YES;
				CLANG_WARN_DIRECT_OBJC_ISA_USAGE = YES_ERROR;
				CLANG_WARN_DOCUMENTATION_COMMENTS = YES;
				CLANG_WARN_EMPTY_BODY = YES;
				CLANG_WARN_ENUM_CONVERSION = YES;
				CLANG_WARN_INFINITE_RECURSION = YES;
				CLANG_WARN_INT_CONVERSION = YES;
				CLANG_WARN_NON_LITERAL_NULL_CONVERSION = YES;
				CLANG_WARN_OBJC_IMPLICIT_RETAIN_SELF = YES;
				CLANG_WARN_OBJC_LITERAL_CONVERSION = YES;
				CLANG_WARN_OBJC_ROOT_CLASS = YES_ERROR;
				CLANG_WARN_QUOTED_INCLUDE_IN_FRAMEWORK_HEADER = YES;
				CLANG_WARN_RANGE_LOOP_ANALYSIS = YES;
				CLANG_WARN_STRICT_PROTOTYPES = YES;
				CLANG_WARN_SUSPICIOUS_MOVE = YES;
				CLANG_WARN_UNGUARDED_AVAILABILITY = YES_AGGRESSIVE;
				CLANG_WARN_UNREACHABLE_CODE = YES;
				CLANG_WARN__DUPLICATE_METHOD_MATCH = YES;
				COPY_PHASE_STRIP = NO;
				DEBUG_INFORMATION_FORMAT = "dwarf-with-dsym";
				ENABLE_NS_ASSERTIONS = NO;
				ENABLE_STRICT_OBJC_MSGSEND = YES;
				ENABLE_USER_SCRIPT_SANDBOXING = YES;
				GCC_C_LANGUAGE_STANDARD = gnu17;
				GCC_NO_COMMON_BLOCKS = YES;
				GCC_WARN_64_TO_32_BIT_CONVERSION = YES;
				GCC_WARN_ABOUT_RETURN_TYPE = YES_ERROR;
				GCC_WARN_UNDECLARED_SELECTOR = YES;
				GCC_WARN_UNINITIALIZED_AUTOS = YES_AGGRESSIVE;
				GCC_WARN_UNUSED_FUNCTION = YES;
				GCC_WARN_UNUSED_VARIABLE = YES;
				LOCALIZATION_PREFERS_STRING_CATALOGS = YES;
				MACOSX_DEPLOYMENT_TARGET = 14.0;
				MTL_ENABLE_DEBUG_INFO = NO;
				MTL_FAST_MATH = YES;
				SDKROOT = macosx;
				SWIFT_COMPILATION_MODE = wholemodule;
			};
			name = Release;
		};
		B59FF5382AD67FFF00CF2745 /* Debug */ = {
			isa = XCBuildConfiguration;
			buildSettings = {
				ASSETCATALOG_COMPILER_APPICON_NAME = AppIcon;
				ASSETCATALOG_COMPILER_GLOBAL_ACCENT_COLOR_NAME = AccentColor;
				CODE_SIGN_ENTITLEMENTS = FuzzyKeyboardCleanTool/FuzzyKeyboardCleanTool.entitlements;
				CODE_SIGN_STYLE = Automatic;
				COMBINE_HIDPI_IMAGES = YES;
				CURRENT_PROJECT_VERSION = 1;
				DEVELOPMENT_ASSET_PATHS = "\"FuzzyKeyboardCleanTool/Preview Content\"";
				DEVELOPMENT_TEAM = KYS955CYLL;
				ENABLE_HARDENED_RUNTIME = YES;
				ENABLE_PREVIEWS = YES;
				GENERATE_INFOPLIST_FILE = YES;
				INFOPLIST_KEY_NSHumanReadableCopyright = "";
				LD_RUNPATH_SEARCH_PATHS = (
					"$(inherited)",
					"@executable_path/../Frameworks",
				);
				MARKETING_VERSION = 1.0;
				PRODUCT_BUNDLE_IDENTIFIER = carsonclark.dev.FuzzyKeyboardCleanTool;
				PRODUCT_NAME = "$(TARGET_NAME)";
				SWIFT_EMIT_LOC_STRINGS = YES;
				SWIFT_VERSION = 5.0;
			};
			name = Debug;
		};
		B59FF5392AD67FFF00CF2745 /* Release */ = {
			isa = XCBuildConfiguration;
			buildSettings = {
				ASSETCATALOG_COMPILER_APPICON_NAME = AppIcon;
				ASSETCATALOG_COMPILER_GLOBAL_ACCENT_COLOR_NAME = AccentColor;
				CODE_SIGN_ENTITLEMENTS = FuzzyKeyboardCleanTool/FuzzyKeyboardCleanTool.entitlements;
				CODE_SIGN_STYLE = Automatic;
				COMBINE_HIDPI_IMAGES = YES;
				CURRENT_PROJECT_VERSION = 1;
				DEVELOPMENT_ASSET_PATHS = "\"FuzzyKeyboardCleanTool/Preview Content\"";
				DEVELOPMENT_TEAM = KYS955CYLL;
				ENABLE_HARDENED_RUNTIME = YES;
				ENABLE_PREVIEWS = YES;
				GENERATE_INFOPLIST_FILE = YES;
				INFOPLIST_KEY_NSHumanReadableCopyright = "";
				LD_RUNPATH_SEARCH_PATHS = (
					"$(inherited)",
					"@executable_path/../Frameworks",
				);
				MARKETING_VERSION = 1.0;
				PRODUCT_BUNDLE_IDENTIFIER = carsonclark.dev.FuzzyKeyboardCleanTool;
				PRODUCT_NAME = "$(TARGET_NAME)";
				SWIFT_EMIT_LOC_STRINGS = YES;
				SWIFT_VERSION = 5.0;
			};
			name = Release;
		};
		B59FF53B2AD67FFF00CF2745 /* Debug */ = {
			isa = XCBuildConfiguration;
			buildSettings = {
				ALWAYS_EMBED_SWIFT_STANDARD_LIBRARIES = YES;
				BUNDLE_LOADER = "$(TEST_HOST)";
				CODE_SIGN_STYLE = Automatic;
				CURRENT_PROJECT_VERSION = 1;
				DEVELOPMENT_TEAM = KYS955CYLL;
				GENERATE_INFOPLIST_FILE = YES;
				MACOSX_DEPLOYMENT_TARGET = 14.0;
				MARKETING_VERSION = 1.0;
				PRODUCT_BUNDLE_IDENTIFIER = carsonclark.dev.FuzzyKeyboardCleanToolTests;
				PRODUCT_NAME = "$(TARGET_NAME)";
				SWIFT_EMIT_LOC_STRINGS = NO;
				SWIFT_VERSION = 5.0;
				TEST_HOST = "$(BUILT_PRODUCTS_DIR)/FuzzyKeyboardCleanTool.app/$(BUNDLE_EXECUTABLE_FOLDER_PATH)/FuzzyKeyboardCleanTool";
			};
			name = Debug;
		};
		B59FF53C2AD67FFF00CF2745 /* Release */ = {
			isa = XCBuildConfiguration;
			buildSettings = {
				ALWAYS_EMBED_SWIFT_STANDARD_LIBRARIES = YES;
				BUNDLE_LOADER = "$(TEST_HOST)";
				CODE_SIGN_STYLE = Automatic;
				CURRENT_PROJECT_VERSION = 1;
				DEVELOPMENT_TEAM = KYS955CYLL;
				GENERATE_INFOPLIST_FILE = YES;
				MACOSX_DEPLOYMENT_TARGET = 14.0;
				MARKETING_VERSION = 1.0;
				PRODUCT_BUNDLE_IDENTIFIER = carsonclark.dev.FuzzyKeyboardCleanToolTests;
				PRODUCT_NAME = "$(TARGET_NAME)";
				SWIFT_EMIT_LOC_STRINGS = NO;
				SWIFT_VERSION = 5.0;
				TEST_HOST = "$(BUILT_PRODUCTS_DIR)/FuzzyKeyboardCleanTool.app/$(BUNDLE_EXECUTABLE_FOLDER_PATH)/FuzzyKeyboardCleanTool";
			};
			name = Release;
		};
		B59FF53E2AD67FFF00CF2745 /* Debug */ = {
			isa = XCBuildConfiguration;
			buildSettings = {
				ALWAYS_EMBED_SWIFT_STANDARD_LIBRARIES = YES;
				CODE_SIGN_STYLE = Automatic;
				CURRENT_PROJECT_VERSION = 1;
				DEVELOPMENT_TEAM = KYS955CYLL;
				GENERATE_INFOPLIST_FILE = YES;
				MARKETING_VERSION = 1.0;
				PRODUCT_BUNDLE_IDENTIFIER = carsonclark.dev.FuzzyKeyboardCleanToolUITests;
				PRODUCT_NAME = "$(TARGET_NAME)";
				SWIFT_EMIT_LOC_STRINGS = NO;
				SWIFT_VERSION = 5.0;
				TEST_TARGET_NAME = FuzzyKeyboardCleanTool;
			};
			name = Debug;
		};
		B59FF53F2AD67FFF00CF2745 /* Release */ = {
			isa = XCBuildConfiguration;
			buildSettings = {
				ALWAYS_EMBED_SWIFT_STANDARD_LIBRARIES = YES;
				CODE_SIGN_STYLE = Automatic;
				CURRENT_PROJECT_VERSION = 1;
				DEVELOPMENT_TEAM = KYS955CYLL;
				GENERATE_INFOPLIST_FILE = YES;
				MARKETING_VERSION = 1.0;
				PRODUCT_BUNDLE_IDENTIFIER = carsonclark.dev.FuzzyKeyboardCleanToolUITests;
				PRODUCT_NAME = "$(TARGET_NAME)";
				SWIFT_EMIT_LOC_STRINGS = NO;
				SWIFT_VERSION = 5.0;
				TEST_TARGET_NAME = FuzzyKeyboardCleanTool;
			};
			name = Release;
		};
/* End XCBuildConfiguration section */

/* Begin XCConfigurationList section */
		B59FF50D2AD67FFE00CF2745 /* Build configuration list for PBXProject "FuzzyKeyboardCleanTool" */ = {
			isa = XCConfigurationList;
			buildConfigurations = (
				B59FF5352AD67FFF00CF2745 /* Debug */,
				B59FF5362AD67FFF00CF2745 /* Release */,
			);
			defaultConfigurationIsVisible = 0;
			defaultConfigurationName = Release;
		};
		B59FF5372AD67FFF00CF2745 /* Build configuration list for PBXNativeTarget "FuzzyKeyboardCleanTool" */ = {
			isa = XCConfigurationList;
			buildConfigurations = (
				B59FF5382AD67FFF00CF2745 /* Debug */,
				B59FF5392AD67FFF00CF2745 /* Release */,
			);
			defaultConfigurationIsVisible = 0;
			defaultConfigurationName = Release;
		};
		B59FF53A2AD67FFF00CF2745 /* Build configuration list for PBXNativeTarget "FuzzyKeyboardCleanToolTests" */ = {
			isa = XCConfigurationList;
			buildConfigurations = (
				B59FF53B2AD67FFF00CF2745 /* Debug */,
				B59FF53C2AD67FFF00CF2745 /* Release */,
			);
			defaultConfigurationIsVisible = 0;
			defaultConfigurationName = Release;
		};
		B59FF53D2AD67FFF00CF2745 /* Build configuration list for PBXNativeTarget "FuzzyKeyboardCleanToolUITests" */ = {
			isa = XCConfigurationList;
			buildConfigurations = (
				B59FF53E2AD67FFF00CF2745 /* Debug */,
				B59FF53F2AD67FFF00CF2745 /* Release */,
			);
			defaultConfigurationIsVisible = 0;
			defaultConfigurationName = Release;
		};
/* End XCConfigurationList section */
	};
	rootObject = B59FF50A2AD67FFE00CF2745 /* Project object */;
}
